// !$*UTF8*$!
{
	archiveVersion = 1;
	classes = {
	};
	objectVersion = 51;
	objects = {

/* Begin PBXBuildFile section */
		002193EE22F71AA8009EDBEB /* awsconfiguration.json in Resources */ = {isa = PBXBuildFile; fileRef = 002193ED22F71AA8009EDBEB /* awsconfiguration.json */; };
		00C91B3322F6F45400940C41 /* AppDelegate.swift in Sources */ = {isa = PBXBuildFile; fileRef = 00C91B3222F6F45400940C41 /* AppDelegate.swift */; };
		00C91B3522F6F45400940C41 /* ViewController.swift in Sources */ = {isa = PBXBuildFile; fileRef = 00C91B3422F6F45400940C41 /* ViewController.swift */; };
		00C91B3822F6F45400940C41 /* Main.storyboard in Resources */ = {isa = PBXBuildFile; fileRef = 00C91B3622F6F45400940C41 /* Main.storyboard */; };
		00C91B3A22F6F45700940C41 /* Assets.xcassets in Resources */ = {isa = PBXBuildFile; fileRef = 00C91B3922F6F45700940C41 /* Assets.xcassets */; };
		00C91B3D22F6F45700940C41 /* LaunchScreen.storyboard in Resources */ = {isa = PBXBuildFile; fileRef = 00C91B3B22F6F45700940C41 /* LaunchScreen.storyboard */; };
		04D2C37A169ECD3BDE53CF04 /* Pods_Test_Amplify.framework in Frameworks */ = {isa = PBXBuildFile; fileRef = 090975CFD3B8205974F647A3 /* Pods_Test_Amplify.framework */; };
/* End PBXBuildFile section */

/* Begin PBXFileReference section */
		002193ED22F71AA8009EDBEB /* awsconfiguration.json */ = {isa = PBXFileReference; fileEncoding = 4; lastKnownFileType = text.json; path = awsconfiguration.json; sourceTree = SOURCE_ROOT; };
		00C91B2F22F6F45400940C41 /* Test Amplify.app */ = {isa = PBXFileReference; explicitFileType = wrapper.application; includeInIndex = 0; path = "Test Amplify.app"; sourceTree = BUILT_PRODUCTS_DIR; };
		00C91B3222F6F45400940C41 /* AppDelegate.swift */ = {isa = PBXFileReference; lastKnownFileType = sourcecode.swift; path = AppDelegate.swift; sourceTree = "<group>"; };
		00C91B3422F6F45400940C41 /* ViewController.swift */ = {isa = PBXFileReference; lastKnownFileType = sourcecode.swift; path = ViewController.swift; sourceTree = "<group>"; };
		00C91B3722F6F45400940C41 /* Base */ = {isa = PBXFileReference; lastKnownFileType = file.storyboard; name = Base; path = Base.lproj/Main.storyboard; sourceTree = "<group>"; };
		00C91B3922F6F45700940C41 /* Assets.xcassets */ = {isa = PBXFileReference; lastKnownFileType = folder.assetcatalog; path = Assets.xcassets; sourceTree = "<group>"; };
		00C91B3C22F6F45700940C41 /* Base */ = {isa = PBXFileReference; lastKnownFileType = file.storyboard; name = Base; path = Base.lproj/LaunchScreen.storyboard; sourceTree = "<group>"; };
		00C91B3E22F6F45700940C41 /* Info.plist */ = {isa = PBXFileReference; lastKnownFileType = text.plist.xml; path = Info.plist; sourceTree = "<group>"; };
		090975CFD3B8205974F647A3 /* Pods_Test_Amplify.framework */ = {isa = PBXFileReference; explicitFileType = wrapper.framework; includeInIndex = 0; path = Pods_Test_Amplify.framework; sourceTree = BUILT_PRODUCTS_DIR; };
		653FA2B81B4B0CD47CF6DB40 /* Pods-Test Amplify.debug.xcconfig */ = {isa = PBXFileReference; includeInIndex = 1; lastKnownFileType = text.xcconfig; name = "Pods-Test Amplify.debug.xcconfig"; path = "Target Support Files/Pods-Test Amplify/Pods-Test Amplify.debug.xcconfig"; sourceTree = "<group>"; };
		BA8FBD7C3C311B836344F6D4 /* Pods-Test Amplify.release.xcconfig */ = {isa = PBXFileReference; includeInIndex = 1; lastKnownFileType = text.xcconfig; name = "Pods-Test Amplify.release.xcconfig"; path = "Target Support Files/Pods-Test Amplify/Pods-Test Amplify.release.xcconfig"; sourceTree = "<group>"; };
/* End PBXFileReference section */

/* Begin PBXFrameworksBuildPhase section */
		00C91B2C22F6F45400940C41 /* Frameworks */ = {
			isa = PBXFrameworksBuildPhase;
			buildActionMask = 2147483647;
			files = (
				04D2C37A169ECD3BDE53CF04 /* Pods_Test_Amplify.framework in Frameworks */,
			);
			runOnlyForDeploymentPostprocessing = 0;
		};
/* End PBXFrameworksBuildPhase section */

/* Begin PBXGroup section */
		00C91B2622F6F45400940C41 = {
			isa = PBXGroup;
			children = (
				00C91B3122F6F45400940C41 /* Test Amplify */,
				00C91B3022F6F45400940C41 /* Products */,
				92A941A78F8177FFD663386F /* Pods */,
				E76BE085633F3AC673ABD3A6 /* Frameworks */,
			);
			sourceTree = "<group>";
		};
		00C91B3022F6F45400940C41 /* Products */ = {
			isa = PBXGroup;
			children = (
				00C91B2F22F6F45400940C41 /* Test Amplify.app */,
			);
			name = Products;
			sourceTree = "<group>";
		};
		00C91B3122F6F45400940C41 /* Test Amplify */ = {
			isa = PBXGroup;
			children = (
				002193ED22F71AA8009EDBEB /* awsconfiguration.json */,
				00C91B3222F6F45400940C41 /* AppDelegate.swift */,
				00C91B3422F6F45400940C41 /* ViewController.swift */,
				00C91B3622F6F45400940C41 /* Main.storyboard */,
				00C91B3922F6F45700940C41 /* Assets.xcassets */,
				00C91B3B22F6F45700940C41 /* LaunchScreen.storyboard */,
				00C91B3E22F6F45700940C41 /* Info.plist */,
			);
			path = "Test Amplify";
			sourceTree = "<group>";
		};
		92A941A78F8177FFD663386F /* Pods */ = {
			isa = PBXGroup;
			children = (
				653FA2B81B4B0CD47CF6DB40 /* Pods-Test Amplify.debug.xcconfig */,
				BA8FBD7C3C311B836344F6D4 /* Pods-Test Amplify.release.xcconfig */,
			);
			path = Pods;
			sourceTree = "<group>";
		};
		E76BE085633F3AC673ABD3A6 /* Frameworks */ = {
			isa = PBXGroup;
			children = (
				090975CFD3B8205974F647A3 /* Pods_Test_Amplify.framework */,
			);
			name = Frameworks;
			sourceTree = "<group>";
		};
/* End PBXGroup section */

/* Begin PBXNativeTarget section */
		00C91B2E22F6F45400940C41 /* Test Amplify */ = {
			isa = PBXNativeTarget;
			buildConfigurationList = 00C91B4122F6F45700940C41 /* Build configuration list for PBXNativeTarget "Test Amplify" */;
			buildPhases = (
				E9D9638BAB88DD6B5DA6C2BE /* [CP] Check Pods Manifest.lock */,
				00C91B2B22F6F45400940C41 /* Sources */,
				00C91B2C22F6F45400940C41 /* Frameworks */,
				00C91B2D22F6F45400940C41 /* Resources */,
				8FC1E7945C871576359D4140 /* [CP] Embed Pods Frameworks */,
				E15DC45704797156F6A351EA /* [CP] Copy Pods Resources */,
			);
			buildRules = (
			);
			dependencies = (
			);
			name = "Test Amplify";
			productName = "Test Amplify";
			productReference = 00C91B2F22F6F45400940C41 /* Test Amplify.app */;
			productType = "com.apple.product-type.application";
		};
/* End PBXNativeTarget section */

/* Begin PBXProject section */
		00C91B2722F6F45400940C41 /* Project object */ = {
			isa = PBXProject;
			attributes = {
				LastSwiftUpdateCheck = 1030;
				LastUpgradeCheck = 1030;
				ORGANIZATIONNAME = "Stormacq, Sebastien";
				TargetAttributes = {
					00C91B2E22F6F45400940C41 = {
						CreatedOnToolsVersion = 10.3;
					};
				};
			};
			buildConfigurationList = 00C91B2A22F6F45400940C41 /* Build configuration list for PBXProject "Test Amplify" */;
			compatibilityVersion = "Xcode 9.3";
			developmentRegion = en;
			hasScannedForEncodings = 0;
			knownRegions = (
				en,
				Base,
			);
			mainGroup = 00C91B2622F6F45400940C41;
			productRefGroup = 00C91B3022F6F45400940C41 /* Products */;
			projectDirPath = "";
			projectRoot = "";
			targets = (
				00C91B2E22F6F45400940C41 /* Test Amplify */,
			);
		};
/* End PBXProject section */

/* Begin PBXResourcesBuildPhase section */
		00C91B2D22F6F45400940C41 /* Resources */ = {
			isa = PBXResourcesBuildPhase;
			buildActionMask = 2147483647;
			files = (
				002193EE22F71AA8009EDBEB /* awsconfiguration.json in Resources */,
				00C91B3D22F6F45700940C41 /* LaunchScreen.storyboard in Resources */,
				00C91B3A22F6F45700940C41 /* Assets.xcassets in Resources */,
				00C91B3822F6F45400940C41 /* Main.storyboard in Resources */,
			);
			runOnlyForDeploymentPostprocessing = 0;
		};
/* End PBXResourcesBuildPhase section */

/* Begin PBXShellScriptBuildPhase section */
		8FC1E7945C871576359D4140 /* [CP] Embed Pods Frameworks */ = {
			isa = PBXShellScriptBuildPhase;
			buildActionMask = 2147483647;
			files = (
			);
			inputFileListPaths = (
				"${PODS_ROOT}/Target Support Files/Pods-Test Amplify/Pods-Test Amplify-frameworks-${CONFIGURATION}-input-files.xcfilelist",
			);
			name = "[CP] Embed Pods Frameworks";
			outputFileListPaths = (
				"${PODS_ROOT}/Target Support Files/Pods-Test Amplify/Pods-Test Amplify-frameworks-${CONFIGURATION}-output-files.xcfilelist",
			);
			runOnlyForDeploymentPostprocessing = 0;
			shellPath = /bin/sh;
			shellScript = "\"${PODS_ROOT}/Target Support Files/Pods-Test Amplify/Pods-Test Amplify-frameworks.sh\"\n";
			showEnvVarsInLog = 0;
		};
		E15DC45704797156F6A351EA /* [CP] Copy Pods Resources */ = {
			isa = PBXShellScriptBuildPhase;
			buildActionMask = 2147483647;
			files = (
			);
			inputFileListPaths = (
				"${PODS_ROOT}/Target Support Files/Pods-Test Amplify/Pods-Test Amplify-resources-${CONFIGURATION}-input-files.xcfilelist",
			);
			name = "[CP] Copy Pods Resources";
			outputFileListPaths = (
				"${PODS_ROOT}/Target Support Files/Pods-Test Amplify/Pods-Test Amplify-resources-${CONFIGURATION}-output-files.xcfilelist",
			);
			runOnlyForDeploymentPostprocessing = 0;
			shellPath = /bin/sh;
			shellScript = "\"${PODS_ROOT}/Target Support Files/Pods-Test Amplify/Pods-Test Amplify-resources.sh\"\n";
			showEnvVarsInLog = 0;
		};
		E9D9638BAB88DD6B5DA6C2BE /* [CP] Check Pods Manifest.lock */ = {
			isa = PBXShellScriptBuildPhase;
			buildActionMask = 2147483647;
			files = (
			);
			inputFileListPaths = (
			);
			inputPaths = (
				"${PODS_PODFILE_DIR_PATH}/Podfile.lock",
				"${PODS_ROOT}/Manifest.lock",
			);
			name = "[CP] Check Pods Manifest.lock";
			outputFileListPaths = (
			);
			outputPaths = (
				"$(DERIVED_FILE_DIR)/Pods-Test Amplify-checkManifestLockResult.txt",
			);
			runOnlyForDeploymentPostprocessing = 0;
			shellPath = /bin/sh;
			shellScript = "diff \"${PODS_PODFILE_DIR_PATH}/Podfile.lock\" \"${PODS_ROOT}/Manifest.lock\" > /dev/null\nif [ $? != 0 ] ; then\n    # print error to STDERR\n    echo \"error: The sandbox is not in sync with the Podfile.lock. Run 'pod install' or update your CocoaPods installation.\" >&2\n    exit 1\nfi\n# This output is used by Xcode 'outputs' to avoid re-running this script phase.\necho \"SUCCESS\" > \"${SCRIPT_OUTPUT_FILE_0}\"\n";
			showEnvVarsInLog = 0;
		};
/* End PBXShellScriptBuildPhase section */

/* Begin PBXSourcesBuildPhase section */
		00C91B2B22F6F45400940C41 /* Sources */ = {
			isa = PBXSourcesBuildPhase;
			buildActionMask = 2147483647;
			files = (
				00C91B3522F6F45400940C41 /* ViewController.swift in Sources */,
				00C91B3322F6F45400940C41 /* AppDelegate.swift in Sources */,
			);
			runOnlyForDeploymentPostprocessing = 0;
		};
/* End PBXSourcesBuildPhase section */

/* Begin PBXVariantGroup section */
		00C91B3622F6F45400940C41 /* Main.storyboard */ = {
			isa = PBXVariantGroup;
			children = (
				00C91B3722F6F45400940C41 /* Base */,
			);
			name = Main.storyboard;
			sourceTree = "<group>";
		};
		00C91B3B22F6F45700940C41 /* LaunchScreen.storyboard */ = {
			isa = PBXVariantGroup;
			children = (
				00C91B3C22F6F45700940C41 /* Base */,
			);
			name = LaunchScreen.storyboard;
			sourceTree = "<group>";
		};
/* End PBXVariantGroup section */

/* Begin XCBuildConfiguration section */
		00C91B3F22F6F45700940C41 /* Debug */ = {
			isa = XCBuildConfiguration;
			buildSettings = {
				ALWAYS_SEARCH_USER_PATHS = NO;
				CLANG_ANALYZER_NONNULL = YES;
				CLANG_ANALYZER_NUMBER_OBJECT_CONVERSION = YES_AGGRESSIVE;
				CLANG_CXX_LANGUAGE_STANDARD = "gnu++14";
				CLANG_CXX_LIBRARY = "libc++";
				CLANG_ENABLE_MODULES = YES;
				CLANG_ENABLE_OBJC_ARC = YES;
				CLANG_ENABLE_OBJC_WEAK = YES;
				CLANG_WARN_BLOCK_CAPTURE_AUTORELEASING = YES;
				CLANG_WARN_BOOL_CONVERSION = YES;
				CLANG_WARN_COMMA = YES;
				CLANG_WARN_CONSTANT_CONVERSION = YES;
				CLANG_WARN_DEPRECATED_OBJC_IMPLEMENTATIONS = YES;
				CLANG_WARN_DIRECT_OBJC_ISA_USAGE = YES_ERROR;
				CLANG_WARN_DOCUMENTATION_COMMENTS = YES;
				CLANG_WARN_EMPTY_BODY = YES;
				CLANG_WARN_ENUM_CONVERSION = YES;
				CLANG_WARN_INFINITE_RECURSION = YES;
				CLANG_WARN_INT_CONVERSION = YES;
				CLANG_WARN_NON_LITERAL_NULL_CONVERSION = YES;
				CLANG_WARN_OBJC_IMPLICIT_RETAIN_SELF = YES;
				CLANG_WARN_OBJC_LITERAL_CONVERSION = YES;
				CLANG_WARN_OBJC_ROOT_CLASS = YES_ERROR;
				CLANG_WARN_RANGE_LOOP_ANALYSIS = YES;
				CLANG_WARN_STRICT_PROTOTYPES = YES;
				CLANG_WARN_SUSPICIOUS_MOVE = YES;
				CLANG_WARN_UNGUARDED_AVAILABILITY = YES_AGGRESSIVE;
				CLANG_WARN_UNREACHABLE_CODE = YES;
				CLANG_WARN__DUPLICATE_METHOD_MATCH = YES;
				CODE_SIGN_IDENTITY = "iPhone Developer";
				COPY_PHASE_STRIP = NO;
				DEBUG_INFORMATION_FORMAT = dwarf;
				ENABLE_STRICT_OBJC_MSGSEND = YES;
				ENABLE_TESTABILITY = YES;
				GCC_C_LANGUAGE_STANDARD = gnu11;
				GCC_DYNAMIC_NO_PIC = NO;
				GCC_NO_COMMON_BLOCKS = YES;
				GCC_OPTIMIZATION_LEVEL = 0;
				GCC_PREPROCESSOR_DEFINITIONS = (
					"DEBUG=1",
					"$(inherited)",
				);
				GCC_WARN_64_TO_32_BIT_CONVERSION = YES;
				GCC_WARN_ABOUT_RETURN_TYPE = YES_ERROR;
				GCC_WARN_UNDECLARED_SELECTOR = YES;
				GCC_WARN_UNINITIALIZED_AUTOS = YES_AGGRESSIVE;
				GCC_WARN_UNUSED_FUNCTION = YES;
				GCC_WARN_UNUSED_VARIABLE = YES;
				IPHONEOS_DEPLOYMENT_TARGET = 12.4;
				MTL_ENABLE_DEBUG_INFO = INCLUDE_SOURCE;
				MTL_FAST_MATH = YES;
				ONLY_ACTIVE_ARCH = YES;
				SDKROOT = iphoneos;
				SWIFT_ACTIVE_COMPILATION_CONDITIONS = DEBUG;
				SWIFT_OPTIMIZATION_LEVEL = "-Onone";
			};
			name = Debug;
		};
		00C91B4022F6F45700940C41 /* Release */ = {
			isa = XCBuildConfiguration;
			buildSettings = {
				ALWAYS_SEARCH_USER_PATHS = NO;
				CLANG_ANALYZER_NONNULL = YES;
				CLANG_ANALYZER_NUMBER_OBJECT_CONVERSION = YES_AGGRESSIVE;
				CLANG_CXX_LANGUAGE_STANDARD = "gnu++14";
				CLANG_CXX_LIBRARY = "libc++";
				CLANG_ENABLE_MODULES = YES;
				CLANG_ENABLE_OBJC_ARC = YES;
				CLANG_ENABLE_OBJC_WEAK = YES;
				CLANG_WARN_BLOCK_CAPTURE_AUTORELEASING = YES;
				CLANG_WARN_BOOL_CONVERSION = YES;
				CLANG_WARN_COMMA = YES;
				CLANG_WARN_CONSTANT_CONVERSION = YES;
				CLANG_WARN_DEPRECATED_OBJC_IMPLEMENTATIONS = YES;
				CLANG_WARN_DIRECT_OBJC_ISA_USAGE = YES_ERROR;
				CLANG_WARN_DOCUMENTATION_COMMENTS = YES;
				CLANG_WARN_EMPTY_BODY = YES;
				CLANG_WARN_ENUM_CONVERSION = YES;
				CLANG_WARN_INFINITE_RECURSION = YES;
				CLANG_WARN_INT_CONVERSION = YES;
				CLANG_WARN_NON_LITERAL_NULL_CONVERSION = YES;
				CLANG_WARN_OBJC_IMPLICIT_RETAIN_SELF = YES;
				CLANG_WARN_OBJC_LITERAL_CONVERSION = YES;
				CLANG_WARN_OBJC_ROOT_CLASS = YES_ERROR;
				CLANG_WARN_RANGE_LOOP_ANALYSIS = YES;
				CLANG_WARN_STRICT_PROTOTYPES = YES;
				CLANG_WARN_SUSPICIOUS_MOVE = YES;
				CLANG_WARN_UNGUARDED_AVAILABILITY = YES_AGGRESSIVE;
				CLANG_WARN_UNREACHABLE_CODE = YES;
				CLANG_WARN__DUPLICATE_METHOD_MATCH = YES;
				CODE_SIGN_IDENTITY = "iPhone Developer";
				COPY_PHASE_STRIP = NO;
				DEBUG_INFORMATION_FORMAT = "dwarf-with-dsym";
				ENABLE_NS_ASSERTIONS = NO;
				ENABLE_STRICT_OBJC_MSGSEND = YES;
				GCC_C_LANGUAGE_STANDARD = gnu11;
				GCC_NO_COMMON_BLOCKS = YES;
				GCC_WARN_64_TO_32_BIT_CONVERSION = YES;
				GCC_WARN_ABOUT_RETURN_TYPE = YES_ERROR;
				GCC_WARN_UNDECLARED_SELECTOR = YES;
				GCC_WARN_UNINITIALIZED_AUTOS = YES_AGGRESSIVE;
				GCC_WARN_UNUSED_FUNCTION = YES;
				GCC_WARN_UNUSED_VARIABLE = YES;
				IPHONEOS_DEPLOYMENT_TARGET = 12.4;
				MTL_ENABLE_DEBUG_INFO = NO;
				MTL_FAST_MATH = YES;
				SDKROOT = iphoneos;
				SWIFT_COMPILATION_MODE = wholemodule;
				SWIFT_OPTIMIZATION_LEVEL = "-O";
				VALIDATE_PRODUCT = YES;
			};
			name = Release;
		};
		00C91B4222F6F45700940C41 /* Debug */ = {
			isa = XCBuildConfiguration;
			baseConfigurationReference = 653FA2B81B4B0CD47CF6DB40 /* Pods-Test Amplify.debug.xcconfig */;
			buildSettings = {
				ASSETCATALOG_COMPILER_APPICON_NAME = AppIcon;
				CODE_SIGN_STYLE = Automatic;
				DEVELOPMENT_TEAM = 56U756R2L2;
				INFOPLIST_FILE = "Test Amplify/Info.plist";
				LD_RUNPATH_SEARCH_PATHS = (
					"$(inherited)",
					"@executable_path/Frameworks",
				);
				PRODUCT_BUNDLE_IDENTIFIER = "com.stormacq.aws.so.Test-Amplify";
				PRODUCT_NAME = "$(TARGET_NAME)";
				SWIFT_VERSION = 5.0;
				TARGETED_DEVICE_FAMILY = "1,2";
			};
			name = Debug;
		};
		00C91B4322F6F45700940C41 /* Release */ = {
			isa = XCBuildConfiguration;
			baseConfigurationReference = BA8FBD7C3C311B836344F6D4 /* Pods-Test Amplify.release.xcconfig */;
			buildSettings = {
				ASSETCATALOG_COMPILER_APPICON_NAME = AppIcon;
				CODE_SIGN_STYLE = Automatic;
				DEVELOPMENT_TEAM = 56U756R2L2;
				INFOPLIST_FILE = "Test Amplify/Info.plist";
				LD_RUNPATH_SEARCH_PATHS = (
					"$(inherited)",
					"@executable_path/Frameworks",
				);
				PRODUCT_BUNDLE_IDENTIFIER = "com.stormacq.aws.so.Test-Amplify";
				PRODUCT_NAME = "$(TARGET_NAME)";
				SWIFT_VERSION = 5.0;
				TARGETED_DEVICE_FAMILY = "1,2";
			};
			name = Release;
		};
/* End XCBuildConfiguration section */

/* Begin XCConfigurationList section */
		00C91B2A22F6F45400940C41 /* Build configuration list for PBXProject "Test Amplify" */ = {
			isa = XCConfigurationList;
			buildConfigurations = (
				00C91B3F22F6F45700940C41 /* Debug */,
				00C91B4022F6F45700940C41 /* Release */,
			);
			defaultConfigurationIsVisible = 0;
			defaultConfigurationName = Release;
		};
		00C91B4122F6F45700940C41 /* Build configuration list for PBXNativeTarget "Test Amplify" */ = {
			isa = XCConfigurationList;
			buildConfigurations = (
				00C91B4222F6F45700940C41 /* Debug */,
				00C91B4322F6F45700940C41 /* Release */,
			);
			defaultConfigurationIsVisible = 0;
			defaultConfigurationName = Release;
		};
/* End XCConfigurationList section */
	};
	rootObject = 00C91B2722F6F45400940C41 /* Project object */;
}
